
Microsoft Visual Studio Solution File, Format Version 12.00
# Visual Studio 15
VisualStudioVersion = 15.0.28010.2048
MinimumVisualStudioVersion = 10.0.40219.1
Project("{FAE04EC0-301F-11D3-BF4B-00C04F79EFBC}") = "Hitmans", "Hitmans\Hitmans.csproj", "{2E0E74B6-88DE-4924-BF1C-5C1186430C7B}"
EndProject
Project("{FAE04EC0-301F-11D3-BF4B-00C04F79EFBC}") = "Ecom", "Ecom\Ecom.csproj", "{B2BF7037-B7FF-4790-8D0A-A8B93A3133C5}"
EndProject
Global
	GlobalSection(SolutionConfigurationPlatforms) = preSolution
		Debug|Any CPU = Debug|Any CPU
		Release|Any CPU = Release|Any CPU
	EndGlobalSection
	GlobalSection(ProjectConfigurationPlatforms) = postSolution
		{2E0E74B6-88DE-4924-BF1C-5C1186430C7B}.Debug|Any CPU.ActiveCfg = Debug|Any CPU
		{2E0E74B6-88DE-4924-BF1C-5C1186430C7B}.Debug|Any CPU.Build.0 = Debug|Any CPU
		{2E0E74B6-88DE-4924-BF1C-5C1186430C7B}.Release|Any CPU.ActiveCfg = Release|Any CPU
		{2E0E74B6-88DE-4924-BF1C-5C1186430C7B}.Release|Any CPU.Build.0 = Release|Any CPU
		{B2BF7037-B7FF-4790-8D0A-A8B93A3133C5}.Debug|Any CPU.ActiveCfg = Debug|Any CPU
		{B2BF7037-B7FF-4790-8D0A-A8B93A3133C5}.Debug|Any CPU.Build.0 = Debug|Any CPU
		{B2BF7037-B7FF-4790-8D0A-A8B93A3133C5}.Release|Any CPU.ActiveCfg = Release|Any CPU
		{B2BF7037-B7FF-4790-8D0A-A8B93A3133C5}.Release|Any CPU.Build.0 = Release|Any CPU
	EndGlobalSection
	GlobalSection(SolutionProperties) = preSolution
		HideSolutionNode = FALSE
	EndGlobalSection
	GlobalSection(ExtensibilityGlobals) = postSolution
		SolutionGuid = {8594C0C3-C1C1-4B26-B5CB-BECC8A7355FA}
	EndGlobalSection
EndGlobal
